
Microsoft Visual Studio Solution File, Format Version 12.00
# Visual Studio Version 17
VisualStudioVersion = 17.5.33424.131
MinimumVisualStudioVersion = 10.0.40219.1
Project("{FAE04EC0-301F-11D3-BF4B-00C04F79EFBC}") = "dddProject2", "dddProject2.csproj", "{15B953EA-F5A2-445F-8522-DB555E31FC10}"
EndProject
Global
	GlobalSection(SolutionConfigurationPlatforms) = preSolution
		Debug|Any CPU = Debug|Any CPU
		Release|Any CPU = Release|Any CPU
	EndGlobalSection
	GlobalSection(ProjectConfigurationPlatforms) = postSolution
		{15B953EA-F5A2-445F-8522-DB555E31FC10}.Debug|Any CPU.ActiveCfg = Debug|Any CPU
		{15B953EA-F5A2-445F-8522-DB555E31FC10}.Debug|Any CPU.Build.0 = Debug|Any CPU
		{15B953EA-F5A2-445F-8522-DB555E31FC10}.Release|Any CPU.ActiveCfg = Release|Any CPU
		{15B953EA-F5A2-445F-8522-DB555E31FC10}.Release|Any CPU.Build.0 = Release|Any CPU
	EndGlobalSection
	GlobalSection(SolutionProperties) = preSolution
		HideSolutionNode = FALSE
	EndGlobalSection
	GlobalSection(ExtensibilityGlobals) = postSolution
		SolutionGuid = {61F05105-592B-4E2E-AA51-D1CB2EF0AE2C}
	EndGlobalSection
EndGlobal
